
Microsoft Visual Studio Solution File, Format Version 12.00
# Visual Studio Version 16
VisualStudioVersion = 16.0.31624.102
MinimumVisualStudioVersion = 10.0.40219.1
Project("{9A19103F-16F7-4668-BE54-9A1E7A4F7556}") = "CBookingProject.Common", "CBookingProject.Common\CBookingProject.Common.csproj", "{C626F8F4-C47F-4B6F-BF0C-1EFD85E0FC3D}"
EndProject
Project("{9A19103F-16F7-4668-BE54-9A1E7A4F7556}") = "CBookingProject.API", "CBookingProject.API\CBookingProject.API.csproj", "{A423AEA2-AF4D-48A5-9F1E-C351FF32C263}"
EndProject
Global
	GlobalSection(SolutionConfigurationPlatforms) = preSolution
		Debug|Any CPU = Debug|Any CPU
		Release|Any CPU = Release|Any CPU
	EndGlobalSection
	GlobalSection(ProjectConfigurationPlatforms) = postSolution
		{C626F8F4-C47F-4B6F-BF0C-1EFD85E0FC3D}.Debug|Any CPU.ActiveCfg = Debug|Any CPU
		{C626F8F4-C47F-4B6F-BF0C-1EFD85E0FC3D}.Debug|Any CPU.Build.0 = Debug|Any CPU
		{C626F8F4-C47F-4B6F-BF0C-1EFD85E0FC3D}.Release|Any CPU.ActiveCfg = Release|Any CPU
		{C626F8F4-C47F-4B6F-BF0C-1EFD85E0FC3D}.Release|Any CPU.Build.0 = Release|Any CPU
		{A423AEA2-AF4D-48A5-9F1E-C351FF32C263}.Debug|Any CPU.ActiveCfg = Debug|Any CPU
		{A423AEA2-AF4D-48A5-9F1E-C351FF32C263}.Debug|Any CPU.Build.0 = Debug|Any CPU
		{A423AEA2-AF4D-48A5-9F1E-C351FF32C263}.Release|Any CPU.ActiveCfg = Release|Any CPU
		{A423AEA2-AF4D-48A5-9F1E-C351FF32C263}.Release|Any CPU.Build.0 = Release|Any CPU
	EndGlobalSection
	GlobalSection(SolutionProperties) = preSolution
		HideSolutionNode = FALSE
	EndGlobalSection
	GlobalSection(ExtensibilityGlobals) = postSolution
		SolutionGuid = {EE9D0879-4F10-42BD-AAA1-16F5A79CB2A7}
	EndGlobalSection
EndGlobal
